
Microsoft Visual Studio Solution File, Format Version 12.00
# Visual Studio Version 16
VisualStudioVersion = 16.0.32126.315
MinimumVisualStudioVersion = 10.0.40219.1
Project("{FAE04EC0-301F-11D3-BF4B-00C04F79EFBC}") = "Tema1", "Tema1\Tema1.csproj", "{558EEDD9-8A1C-4E02-A31A-A8C683FDE97C}"
EndProject
Global
	GlobalSection(SolutionConfigurationPlatforms) = preSolution
		Debug|Any CPU = Debug|Any CPU
		Release|Any CPU = Release|Any CPU
	EndGlobalSection
	GlobalSection(ProjectConfigurationPlatforms) = postSolution
		{558EEDD9-8A1C-4E02-A31A-A8C683FDE97C}.Debug|Any CPU.ActiveCfg = Debug|Any CPU
		{558EEDD9-8A1C-4E02-A31A-A8C683FDE97C}.Debug|Any CPU.Build.0 = Debug|Any CPU
		{558EEDD9-8A1C-4E02-A31A-A8C683FDE97C}.Release|Any CPU.ActiveCfg = Release|Any CPU
		{558EEDD9-8A1C-4E02-A31A-A8C683FDE97C}.Release|Any CPU.Build.0 = Release|Any CPU
	EndGlobalSection
	GlobalSection(SolutionProperties) = preSolution
		HideSolutionNode = FALSE
	EndGlobalSection
	GlobalSection(ExtensibilityGlobals) = postSolution
		SolutionGuid = {290A99F8-CCA3-49F1-82BC-749F0F531A85}
	EndGlobalSection
EndGlobal
